
Microsoft Visual Studio Solution File, Format Version 12.00
Project("{FAE04EC0-301F-11D3-BF4B-00C04F79EFBC}") = "StarSystemLibrary", "StarSystemLibrary\StarSystemLibrary.csproj", "{1A00E855-7D52-4767-A1B8-F6E34B233088}"
EndProject
Project("{FAE04EC0-301F-11D3-BF4B-00C04F79EFBC}") = "StarSystemApp", "StarSystemApp\StarSystemApp.csproj", "{D39FC3A4-E515-4EC1-A64F-DE7D58EB2E05}"
EndProject
Global
	GlobalSection(SolutionConfigurationPlatforms) = preSolution
		Debug|Any CPU = Debug|Any CPU
		Release|Any CPU = Release|Any CPU
	EndGlobalSection
	GlobalSection(ProjectConfigurationPlatforms) = postSolution
		{1A00E855-7D52-4767-A1B8-F6E34B233088}.Debug|Any CPU.ActiveCfg = Debug|Any CPU
		{1A00E855-7D52-4767-A1B8-F6E34B233088}.Debug|Any CPU.Build.0 = Debug|Any CPU
		{1A00E855-7D52-4767-A1B8-F6E34B233088}.Release|Any CPU.ActiveCfg = Release|Any CPU
		{1A00E855-7D52-4767-A1B8-F6E34B233088}.Release|Any CPU.Build.0 = Release|Any CPU
		{D39FC3A4-E515-4EC1-A64F-DE7D58EB2E05}.Debug|Any CPU.ActiveCfg = Debug|Any CPU
		{D39FC3A4-E515-4EC1-A64F-DE7D58EB2E05}.Debug|Any CPU.Build.0 = Debug|Any CPU
		{D39FC3A4-E515-4EC1-A64F-DE7D58EB2E05}.Release|Any CPU.ActiveCfg = Release|Any CPU
		{D39FC3A4-E515-4EC1-A64F-DE7D58EB2E05}.Release|Any CPU.Build.0 = Release|Any CPU
	EndGlobalSection
EndGlobal
